// !$*UTF8*$!
{
	archiveVersion = 1;
	classes = {
	};
	objectVersion = 46;
	objects = {

/* Begin PBXBuildFile section */
		EC99417C16E0694300924C4F /* Foundation.framework in Frameworks */ = {isa = PBXBuildFile; fileRef = EC99417B16E0694300924C4F /* Foundation.framework */; };
		EC99418116E0694300924C4F /* SDWebImages.h in CopyFiles */ = {isa = PBXBuildFile; fileRef = EC99418016E0694300924C4F /* SDWebImages.h */; };
		EC99419B16E0698400924C4F /* SDImageCache.m in Sources */ = {isa = PBXBuildFile; fileRef = EC99418A16E0698300924C4F /* SDImageCache.m */; settings = {COMPILER_FLAGS = "-fno-objc-arc"; }; };
		EC99419C16E0698400924C4F /* SDWebImageDecoder.m in Sources */ = {isa = PBXBuildFile; fileRef = EC99418E16E0698300924C4F /* SDWebImageDecoder.m */; settings = {COMPILER_FLAGS = "-fno-objc-arc"; }; };
		EC99419D16E0698400924C4F /* SDWebImageDownloader.m in Sources */ = {isa = PBXBuildFile; fileRef = EC99419016E0698300924C4F /* SDWebImageDownloader.m */; settings = {COMPILER_FLAGS = "-fno-objc-arc"; }; };
		EC99419E16E0698400924C4F /* SDWebImageManager.m in Sources */ = {isa = PBXBuildFile; fileRef = EC99419316E0698300924C4F /* SDWebImageManager.m */; settings = {COMPILER_FLAGS = "-fno-objc-arc"; }; };
		EC99419F16E0698400924C4F /* SDWebImagePrefetcher.m in Sources */ = {isa = PBXBuildFile; fileRef = EC99419616E0698300924C4F /* SDWebImagePrefetcher.m */; settings = {COMPILER_FLAGS = "-fno-objc-arc"; }; };
		EC9941A016E0698400924C4F /* UIButton+WebCache.m in Sources */ = {isa = PBXBuildFile; fileRef = EC99419816E0698300924C4F /* UIButton+WebCache.m */; settings = {COMPILER_FLAGS = "-fno-objc-arc"; }; };
		EC9941A116E0698400924C4F /* UIImageView+WebCache.m in Sources */ = {isa = PBXBuildFile; fileRef = EC99419A16E0698400924C4F /* UIImageView+WebCache.m */; settings = {COMPILER_FLAGS = "-fno-objc-arc"; }; };
		EC9941A316E069A900924C4F /* SDImageCache.h in Headers */ = {isa = PBXBuildFile; fileRef = EC99418916E0698300924C4F /* SDImageCache.h */; settings = {ATTRIBUTES = (Public, ); }; };
		EC9941A416E069A900924C4F /* SDImageCacheDelegate.h in Headers */ = {isa = PBXBuildFile; fileRef = EC99418B16E0698300924C4F /* SDImageCacheDelegate.h */; settings = {ATTRIBUTES = (Public, ); }; };
		EC9941A516E069A900924C4F /* SDWebImageCompat.h in Headers */ = {isa = PBXBuildFile; fileRef = EC99418C16E0698300924C4F /* SDWebImageCompat.h */; settings = {ATTRIBUTES = (Public, ); }; };
		EC9941A616E069A900924C4F /* SDWebImageDecoder.h in Headers */ = {isa = PBXBuildFile; fileRef = EC99418D16E0698300924C4F /* SDWebImageDecoder.h */; settings = {ATTRIBUTES = (Public, ); }; };
		EC9941A716E069A900924C4F /* SDWebImageDownloader.h in Headers */ = {isa = PBXBuildFile; fileRef = EC99418F16E0698300924C4F /* SDWebImageDownloader.h */; settings = {ATTRIBUTES = (Public, ); }; };
		EC9941A816E069A900924C4F /* SDWebImageDownloaderDelegate.h in Headers */ = {isa = PBXBuildFile; fileRef = EC99419116E0698300924C4F /* SDWebImageDownloaderDelegate.h */; settings = {ATTRIBUTES = (Public, ); }; };
		EC9941A916E069A900924C4F /* SDWebImageManager.h in Headers */ = {isa = PBXBuildFile; fileRef = EC99419216E0698300924C4F /* SDWebImageManager.h */; settings = {ATTRIBUTES = (Public, ); }; };
		EC9941AA16E069A900924C4F /* SDWebImageManagerDelegate.h in Headers */ = {isa = PBXBuildFile; fileRef = EC99419416E0698300924C4F /* SDWebImageManagerDelegate.h */; settings = {ATTRIBUTES = (Public, ); }; };
		EC9941AB16E069A900924C4F /* SDWebImagePrefetcher.h in Headers */ = {isa = PBXBuildFile; fileRef = EC99419516E0698300924C4F /* SDWebImagePrefetcher.h */; settings = {ATTRIBUTES = (Public, ); }; };
		EC9941AC16E069A900924C4F /* UIButton+WebCache.h in Headers */ = {isa = PBXBuildFile; fileRef = EC99419716E0698300924C4F /* UIButton+WebCache.h */; settings = {ATTRIBUTES = (Public, ); }; };
		EC9941AD16E069A900924C4F /* UIImageView+WebCache.h in Headers */ = {isa = PBXBuildFile; fileRef = EC99419916E0698300924C4F /* UIImageView+WebCache.h */; settings = {ATTRIBUTES = (Public, ); }; };
		EC9941AE16E069A900924C4F /* SDWebImages.h in Headers */ = {isa = PBXBuildFile; fileRef = EC99418016E0694300924C4F /* SDWebImages.h */; settings = {ATTRIBUTES = (Public, ); }; };
/* End PBXBuildFile section */

/* Begin PBXCopyFilesBuildPhase section */
		EC99417616E0694200924C4F /* CopyFiles */ = {
			isa = PBXCopyFilesBuildPhase;
			buildActionMask = 2147483647;
			dstPath = "include/${PRODUCT_NAME}";
			dstSubfolderSpec = 16;
			files = (
				EC99418116E0694300924C4F /* SDWebImages.h in CopyFiles */,
			);
			runOnlyForDeploymentPostprocessing = 0;
		};
/* End PBXCopyFilesBuildPhase section */

/* Begin PBXFileReference section */
		EC99417816E0694300924C4F /* libSDWebImages.a */ = {isa = PBXFileReference; explicitFileType = archive.ar; includeInIndex = 0; path = libSDWebImages.a; sourceTree = BUILT_PRODUCTS_DIR; };
		EC99417B16E0694300924C4F /* Foundation.framework */ = {isa = PBXFileReference; lastKnownFileType = wrapper.framework; name = Foundation.framework; path = System/Library/Frameworks/Foundation.framework; sourceTree = SDKROOT; };
		EC99417F16E0694300924C4F /* SDWebImages-Prefix.pch */ = {isa = PBXFileReference; lastKnownFileType = sourcecode.c.h; path = "SDWebImages-Prefix.pch"; sourceTree = "<group>"; };
		EC99418016E0694300924C4F /* SDWebImages.h */ = {isa = PBXFileReference; lastKnownFileType = sourcecode.c.h; path = SDWebImages.h; sourceTree = "<group>"; };
		EC99418916E0698300924C4F /* SDImageCache.h */ = {isa = PBXFileReference; fileEncoding = 4; lastKnownFileType = sourcecode.c.h; path = SDImageCache.h; sourceTree = "<group>"; };
		EC99418A16E0698300924C4F /* SDImageCache.m */ = {isa = PBXFileReference; fileEncoding = 4; lastKnownFileType = sourcecode.c.objc; path = SDImageCache.m; sourceTree = "<group>"; };
		EC99418B16E0698300924C4F /* SDImageCacheDelegate.h */ = {isa = PBXFileReference; fileEncoding = 4; lastKnownFileType = sourcecode.c.h; path = SDImageCacheDelegate.h; sourceTree = "<group>"; };
		EC99418C16E0698300924C4F /* SDWebImageCompat.h */ = {isa = PBXFileReference; fileEncoding = 4; lastKnownFileType = sourcecode.c.h; path = SDWebImageCompat.h; sourceTree = "<group>"; };
		EC99418D16E0698300924C4F /* SDWebImageDecoder.h */ = {isa = PBXFileReference; fileEncoding = 4; lastKnownFileType = sourcecode.c.h; path = SDWebImageDecoder.h; sourceTree = "<group>"; };
		EC99418E16E0698300924C4F /* SDWebImageDecoder.m */ = {isa = PBXFileReference; fileEncoding = 4; lastKnownFileType = sourcecode.c.objc; path = SDWebImageDecoder.m; sourceTree = "<group>"; };
		EC99418F16E0698300924C4F /* SDWebImageDownloader.h */ = {isa = PBXFileReference; fileEncoding = 4; lastKnownFileType = sourcecode.c.h; path = SDWebImageDownloader.h; sourceTree = "<group>"; };
		EC99419016E0698300924C4F /* SDWebImageDownloader.m */ = {isa = PBXFileReference; fileEncoding = 4; lastKnownFileType = sourcecode.c.objc; path = SDWebImageDownloader.m; sourceTree = "<group>"; };
		EC99419116E0698300924C4F /* SDWebImageDownloaderDelegate.h */ = {isa = PBXFileReference; fileEncoding = 4; lastKnownFileType = sourcecode.c.h; path = SDWebImageDownloaderDelegate.h; sourceTree = "<group>"; };
		EC99419216E0698300924C4F /* SDWebImageManager.h */ = {isa = PBXFileReference; fileEncoding = 4; lastKnownFileType = sourcecode.c.h; path = SDWebImageManager.h; sourceTree = "<group>"; };
		EC99419316E0698300924C4F /* SDWebImageManager.m */ = {isa = PBXFileReference; fileEncoding = 4; lastKnownFileType = sourcecode.c.objc; path = SDWebImageManager.m; sourceTree = "<group>"; };
		EC99419416E0698300924C4F /* SDWebImageManagerDelegate.h */ = {isa = PBXFileReference; fileEncoding = 4; lastKnownFileType = sourcecode.c.h; path = SDWebImageManagerDelegate.h; sourceTree = "<group>"; };
		EC99419516E0698300924C4F /* SDWebImagePrefetcher.h */ = {isa = PBXFileReference; fileEncoding = 4; lastKnownFileType = sourcecode.c.h; path = SDWebImagePrefetcher.h; sourceTree = "<group>"; };
		EC99419616E0698300924C4F /* SDWebImagePrefetcher.m */ = {isa = PBXFileReference; fileEncoding = 4; lastKnownFileType = sourcecode.c.objc; path = SDWebImagePrefetcher.m; sourceTree = "<group>"; };
		EC99419716E0698300924C4F /* UIButton+WebCache.h */ = {isa = PBXFileReference; fileEncoding = 4; lastKnownFileType = sourcecode.c.h; path = "UIButton+WebCache.h"; sourceTree = "<group>"; };
		EC99419816E0698300924C4F /* UIButton+WebCache.m */ = {isa = PBXFileReference; fileEncoding = 4; lastKnownFileType = sourcecode.c.objc; path = "UIButton+WebCache.m"; sourceTree = "<group>"; };
		EC99419916E0698300924C4F /* UIImageView+WebCache.h */ = {isa = PBXFileReference; fileEncoding = 4; lastKnownFileType = sourcecode.c.h; path = "UIImageView+WebCache.h"; sourceTree = "<group>"; };
		EC99419A16E0698400924C4F /* UIImageView+WebCache.m */ = {isa = PBXFileReference; fileEncoding = 4; lastKnownFileType = sourcecode.c.objc; path = "UIImageView+WebCache.m"; sourceTree = "<group>"; };
/* End PBXFileReference section */

/* Begin PBXFrameworksBuildPhase section */
		EC99417516E0694200924C4F /* Frameworks */ = {
			isa = PBXFrameworksBuildPhase;
			buildActionMask = 2147483647;
			files = (
				EC99417C16E0694300924C4F /* Foundation.framework in Frameworks */,
			);
			runOnlyForDeploymentPostprocessing = 0;
		};
/* End PBXFrameworksBuildPhase section */

/* Begin PBXGroup section */
		EC99416F16E0694200924C4F = {
			isa = PBXGroup;
			children = (
				EC99417D16E0694300924C4F /* SDWebImages */,
				EC99417A16E0694300924C4F /* Frameworks */,
				EC99417916E0694300924C4F /* Products */,
			);
			sourceTree = "<group>";
		};
		EC99417916E0694300924C4F /* Products */ = {
			isa = PBXGroup;
			children = (
				EC99417816E0694300924C4F /* libSDWebImages.a */,
			);
			name = Products;
			sourceTree = "<group>";
		};
		EC99417A16E0694300924C4F /* Frameworks */ = {
			isa = PBXGroup;
			children = (
				EC99417B16E0694300924C4F /* Foundation.framework */,
			);
			name = Frameworks;
			sourceTree = "<group>";
		};
		EC99417D16E0694300924C4F /* SDWebImages */ = {
			isa = PBXGroup;
			children = (
				EC99418916E0698300924C4F /* SDImageCache.h */,
				EC99418A16E0698300924C4F /* SDImageCache.m */,
				EC99418B16E0698300924C4F /* SDImageCacheDelegate.h */,
				EC99418C16E0698300924C4F /* SDWebImageCompat.h */,
				EC99418D16E0698300924C4F /* SDWebImageDecoder.h */,
				EC99418E16E0698300924C4F /* SDWebImageDecoder.m */,
				EC99418F16E0698300924C4F /* SDWebImageDownloader.h */,
				EC99419016E0698300924C4F /* SDWebImageDownloader.m */,
				EC99419116E0698300924C4F /* SDWebImageDownloaderDelegate.h */,
				EC99419216E0698300924C4F /* SDWebImageManager.h */,
				EC99419316E0698300924C4F /* SDWebImageManager.m */,
				EC99419416E0698300924C4F /* SDWebImageManagerDelegate.h */,
				EC99419516E0698300924C4F /* SDWebImagePrefetcher.h */,
				EC99419616E0698300924C4F /* SDWebImagePrefetcher.m */,
				EC99419716E0698300924C4F /* UIButton+WebCache.h */,
				EC99419816E0698300924C4F /* UIButton+WebCache.m */,
				EC99419916E0698300924C4F /* UIImageView+WebCache.h */,
				EC99419A16E0698400924C4F /* UIImageView+WebCache.m */,
				EC99418016E0694300924C4F /* SDWebImages.h */,
				EC99417E16E0694300924C4F /* Supporting Files */,
			);
			path = SDWebImages;
			sourceTree = "<group>";
		};
		EC99417E16E0694300924C4F /* Supporting Files */ = {
			isa = PBXGroup;
			children = (
				EC99417F16E0694300924C4F /* SDWebImages-Prefix.pch */,
			);
			name = "Supporting Files";
			sourceTree = "<group>";
		};
/* End PBXGroup section */

/* Begin PBXHeadersBuildPhase section */
		EC9941A216E0699200924C4F /* Headers */ = {
			isa = PBXHeadersBuildPhase;
			buildActionMask = 2147483647;
			files = (
				EC9941A316E069A900924C4F /* SDImageCache.h in Headers */,
				EC9941A416E069A900924C4F /* SDImageCacheDelegate.h in Headers */,
				EC9941A516E069A900924C4F /* SDWebImageCompat.h in Headers */,
				EC9941A616E069A900924C4F /* SDWebImageDecoder.h in Headers */,
				EC9941A716E069A900924C4F /* SDWebImageDownloader.h in Headers */,
				EC9941A816E069A900924C4F /* SDWebImageDownloaderDelegate.h in Headers */,
				EC9941A916E069A900924C4F /* SDWebImageManager.h in Headers */,
				EC9941AA16E069A900924C4F /* SDWebImageManagerDelegate.h in Headers */,
				EC9941AB16E069A900924C4F /* SDWebImagePrefetcher.h in Headers */,
				EC9941AC16E069A900924C4F /* UIButton+WebCache.h in Headers */,
				EC9941AD16E069A900924C4F /* UIImageView+WebCache.h in Headers */,
				EC9941AE16E069A900924C4F /* SDWebImages.h in Headers */,
			);
			runOnlyForDeploymentPostprocessing = 0;
		};
/* End PBXHeadersBuildPhase section */

/* Begin PBXNativeTarget section */
		EC99417716E0694200924C4F /* SDWebImages */ = {
			isa = PBXNativeTarget;
			buildConfigurationList = EC99418616E0694300924C4F /* Build configuration list for PBXNativeTarget "SDWebImages" */;
			buildPhases = (
				EC99417416E0694200924C4F /* Sources */,
				EC99417516E0694200924C4F /* Frameworks */,
				EC99417616E0694200924C4F /* CopyFiles */,
				EC9941A216E0699200924C4F /* Headers */,
				EC9941AF16E06A3100924C4F /* ShellScript */,
			);
			buildRules = (
			);
			dependencies = (
			);
			name = SDWebImages;
			productName = SDWebImages;
			productReference = EC99417816E0694300924C4F /* libSDWebImages.a */;
			productType = "com.apple.product-type.library.static";
		};
/* End PBXNativeTarget section */

/* Begin PBXProject section */
		EC99417016E0694200924C4F /* Project object */ = {
			isa = PBXProject;
			attributes = {
				LastUpgradeCheck = 0460;
				ORGANIZATIONNAME = "Brijesh 04";
			};
			buildConfigurationList = EC99417316E0694200924C4F /* Build configuration list for PBXProject "SDWebImages" */;
			compatibilityVersion = "Xcode 3.2";
			developmentRegion = English;
			hasScannedForEncodings = 0;
			knownRegions = (
				en,
			);
			mainGroup = EC99416F16E0694200924C4F;
			productRefGroup = EC99417916E0694300924C4F /* Products */;
			projectDirPath = "";
			projectRoot = "";
			targets = (
				EC99417716E0694200924C4F /* SDWebImages */,
			);
		};
/* End PBXProject section */

/* Begin PBXShellScriptBuildPhase section */
		EC9941AF16E06A3100924C4F /* ShellScript */ = {
			isa = PBXShellScriptBuildPhase;
			buildActionMask = 2147483647;
			files = (
			);
			inputPaths = (
			);
			outputPaths = (
			);
			runOnlyForDeploymentPostprocessing = 0;
			shellPath = /bin/sh;
			shellScript = "#\n# c.f. StackOverflow question/answer here: http://stackoverflow.com/questions/3520977/build-fat-static-library-device-simulator-using-xcode-and-sdk-4\n#\n# Version 2.5\n#\n# Latest Change:\n# - The \"copy headers\" section now respects the build setting for the location of the public headers\n#\n# Purpose:\n#   Create a static library for iPhone from within XCode\n#   Because Apple staff DELIBERATELY broke Xcode to make this impossible from the GUI (Xcode 3.2.3 specifically states this in the Release notes!)\n#   ...no, I don't understand why they did this!\n#\n# Author: Adam Martin - http://twitter.com/redglassesapps\n# Based on: original script from Eonil (main changes: Eonil's script WILL NOT WORK in Xcode GUI - it WILL CRASH YOUR COMPUTER)\n#\n\nset -e\nset -o pipefail\n\n#################[ Tests: helps workaround any future bugs in Xcode ]########\n#\nDEBUG_THIS_SCRIPT=\"false\"\n\nif [ $DEBUG_THIS_SCRIPT = \"true\" ]\nthen\necho \"########### TESTS #############\"\necho \"Use the following variables when debugging this script; note that they may change on recursions\"\necho \"BUILD_DIR = $BUILD_DIR\"\necho \"BUILD_ROOT = $BUILD_ROOT\"\necho \"CONFIGURATION_BUILD_DIR = $CONFIGURATION_BUILD_DIR\"\necho \"BUILT_PRODUCTS_DIR = $BUILT_PRODUCTS_DIR\"\necho \"CONFIGURATION_TEMP_DIR = $CONFIGURATION_TEMP_DIR\"\necho \"TARGET_BUILD_DIR = $TARGET_BUILD_DIR\"\nfi\n\n#####################[ part 1 ]##################\n# First, work out the BASESDK version number (NB: Apple ought to report this, but they hide it)\n#    (incidental: searching for substrings in sh is a nightmare! Sob)\n\nSDK_VERSION=$(echo ${SDK_NAME} | grep -o '.\\{3\\}$')\n\n# Next, work out if we're in SIM or DEVICE\n\nif [ ${PLATFORM_NAME} = \"iphonesimulator\" ]\nthen\nOTHER_SDK_TO_BUILD=iphoneos${SDK_VERSION}\nelse\nOTHER_SDK_TO_BUILD=iphonesimulator${SDK_VERSION}\nfi\n\necho \"XCode has selected SDK: ${PLATFORM_NAME} with version: ${SDK_VERSION} (although back-targetting: ${IPHONEOS_DEPLOYMENT_TARGET})\"\necho \"...therefore, OTHER_SDK_TO_BUILD = ${OTHER_SDK_TO_BUILD}\"\n#\n#####################[ end of part 1 ]##################\n\n#####################[ part 2 ]##################\n#\n# IF this is the original invocation, invoke WHATEVER other builds are required\n#\n# Xcode is already building ONE target...\n#\n# ...but this is a LIBRARY, so Apple is wrong to set it to build just one.\n# ...we need to build ALL targets\n# ...we MUST NOT re-build the target that is ALREADY being built: Xcode WILL CRASH YOUR COMPUTER if you try this (infinite recursion!)\n#\n#\n# So: build ONLY the missing platforms/configurations.\n\nif [ \"true\" == ${ALREADYINVOKED:-false} ]\nthen\necho \"RECURSION: I am NOT the root invocation, so I'm NOT going to recurse\"\nelse\n# CRITICAL:\n# Prevent infinite recursion (Xcode sucks)\nexport ALREADYINVOKED=\"true\"\n\necho \"RECURSION: I am the root ... recursing all missing build targets NOW...\"\necho \"RECURSION: ...about to invoke: xcodebuild -configuration \\\"${CONFIGURATION}\\\" -project \\\"${PROJECT_NAME}.xcodeproj\\\" -target \\\"${TARGET_NAME}\\\" -sdk \\\"${OTHER_SDK_TO_BUILD}\\\" ${ACTION} RUN_CLANG_STATIC_ANALYZER=NO\" BUILD_DIR=\\\"${BUILD_DIR}\\\" BUILD_ROOT=\\\"${BUILD_ROOT}\\\" SYMROOT=\\\"${SYMROOT}\\\"\n\nxcodebuild -configuration \"${CONFIGURATION}\" -project \"${PROJECT_NAME}.xcodeproj\" -target \"${TARGET_NAME}\" -sdk \"${OTHER_SDK_TO_BUILD}\" ${ACTION} RUN_CLANG_STATIC_ANALYZER=NO BUILD_DIR=\"${BUILD_DIR}\" BUILD_ROOT=\"${BUILD_ROOT}\" SYMROOT=\"${SYMROOT}\"\n\nACTION=\"build\"\n\n#Merge all platform binaries as a fat binary for each configurations.\n#$SRCROOT\n# Calculate where the (multiple) built files are coming from:\nCURRENTCONFIG_DEVICE_DIR=${SYMROOT}/${CONFIGURATION}-iphoneos\nCURRENTCONFIG_SIMULATOR_DIR=${SYMROOT}/${CONFIGURATION}-iphonesimulator\n\necho \"Taking device build from: ${CURRENTCONFIG_DEVICE_DIR}\"\necho \"Taking simulator build from: ${CURRENTCONFIG_SIMULATOR_DIR}\"\n\nCREATING_UNIVERSAL_DIR=${SYMROOT}/${CONFIGURATION}-universal\necho \"...I will output a universal build to: ${CREATING_UNIVERSAL_DIR}\"\n\n# ... remove the products of previous runs of this script\n#      NB: this directory is ONLY created by this script - it should be safe to delete!\n\nrm -rf \"${CREATING_UNIVERSAL_DIR}\"\nmkdir \"${CREATING_UNIVERSAL_DIR}\"\n\n#\necho \"lipo: for current configuration (${CONFIGURATION}) creating output file: ${CREATING_UNIVERSAL_DIR}/${EXECUTABLE_NAME}\"\nlipo -create -output \"${CREATING_UNIVERSAL_DIR}/${EXECUTABLE_NAME}\" \"${CURRENTCONFIG_DEVICE_DIR}/${EXECUTABLE_NAME}\" \"${CURRENTCONFIG_SIMULATOR_DIR}/${EXECUTABLE_NAME}\"\n\n#########\n#\n# Added: StackOverflow suggestion to also copy \"include\" files\n#    (untested, but should work OK)\n#\n#echo \"${CURRENTCONFIG_DEVICE_DIR}\" \"${SRCROOT}\"\n#cp -r \"${CURRENTCONFIG_DEVICE_DIR}\" \"${SRCROOT}\"\nrm -rf \"${SRCROOT}/${EXECUTABLE_NAME}\"\nmkdir \"${SRCROOT}/${EXECUTABLE_NAME}\"\ncp -r \"${CURRENTCONFIG_DEVICE_DIR}\" \"${SRCROOT}/${EXECUTABLE_NAME}\"\ncp -r \"${CREATING_UNIVERSAL_DIR}\" \"${SRCROOT}/${EXECUTABLE_NAME}\"\n\n\necho \"Fetching headers from ${PUBLIC_HEADERS_FOLDER_PATH}\"\nif [ -d \"${CURRENTCONFIG_DEVICE_DIR}${PUBLIC_HEADERS_FOLDER_PATH}\" ]\nthen\nmkdir -p \"${CREATING_UNIVERSAL_DIR}${PUBLIC_HEADERS_FOLDER_PATH}\"\n# * needs to be outside the double quotes?\ncp -r \"${CURRENTCONFIG_DEVICE_DIR}${PUBLIC_HEADERS_FOLDER_PATH}\"* \"${CREATING_UNIVERSAL_DIR}${PUBLIC_HEADERS_FOLDER_PATH}\" \"${SRCROOT}\"\nfi\nfi\n";
			showEnvVarsInLog = 0;
		};
/* End PBXShellScriptBuildPhase section */

/* Begin PBXSourcesBuildPhase section */
		EC99417416E0694200924C4F /* Sources */ = {
			isa = PBXSourcesBuildPhase;
			buildActionMask = 2147483647;
			files = (
				EC99419B16E0698400924C4F /* SDImageCache.m in Sources */,
				EC99419C16E0698400924C4F /* SDWebImageDecoder.m in Sources */,
				EC99419D16E0698400924C4F /* SDWebImageDownloader.m in Sources */,
				EC99419E16E0698400924C4F /* SDWebImageManager.m in Sources */,
				EC99419F16E0698400924C4F /* SDWebImagePrefetcher.m in Sources */,
				EC9941A016E0698400924C4F /* UIButton+WebCache.m in Sources */,
				EC9941A116E0698400924C4F /* UIImageView+WebCache.m in Sources */,
			);
			runOnlyForDeploymentPostprocessing = 0;
		};
/* End PBXSourcesBuildPhase section */

/* Begin XCBuildConfiguration section */
		EC99418416E0694300924C4F /* Debug */ = {
			isa = XCBuildConfiguration;
			buildSettings = {
				ALWAYS_SEARCH_USER_PATHS = NO;
				CLANG_CXX_LANGUAGE_STANDARD = "gnu++0x";
				CLANG_CXX_LIBRARY = "libc++";
				CLANG_ENABLE_OBJC_ARC = YES;
				CLANG_WARN_CONSTANT_CONVERSION = YES;
				CLANG_WARN_EMPTY_BODY = YES;
				CLANG_WARN_ENUM_CONVERSION = YES;
				CLANG_WARN_INT_CONVERSION = YES;
				CLANG_WARN__DUPLICATE_METHOD_MATCH = YES;
				COPY_PHASE_STRIP = NO;
				GCC_C_LANGUAGE_STANDARD = gnu99;
				GCC_DYNAMIC_NO_PIC = NO;
				GCC_OPTIMIZATION_LEVEL = 0;
				GCC_PREPROCESSOR_DEFINITIONS = (
					"DEBUG=1",
					"$(inherited)",
				);
				GCC_SYMBOLS_PRIVATE_EXTERN = NO;
				GCC_WARN_ABOUT_RETURN_TYPE = YES;
				GCC_WARN_UNINITIALIZED_AUTOS = YES;
				GCC_WARN_UNUSED_VARIABLE = YES;
				IPHONEOS_DEPLOYMENT_TARGET = 6.1;
				ONLY_ACTIVE_ARCH = YES;
				SDKROOT = iphoneos;
			};
			name = Debug;
		};
		EC99418516E0694300924C4F /* Release */ = {
			isa = XCBuildConfiguration;
			buildSettings = {
				ALWAYS_SEARCH_USER_PATHS = NO;
				CLANG_CXX_LANGUAGE_STANDARD = "gnu++0x";
				CLANG_CXX_LIBRARY = "libc++";
				CLANG_ENABLE_OBJC_ARC = YES;
				CLANG_WARN_CONSTANT_CONVERSION = YES;
				CLANG_WARN_EMPTY_BODY = YES;
				CLANG_WARN_ENUM_CONVERSION = YES;
				CLANG_WARN_INT_CONVERSION = YES;
				CLANG_WARN__DUPLICATE_METHOD_MATCH = YES;
				COPY_PHASE_STRIP = YES;
				GCC_C_LANGUAGE_STANDARD = gnu99;
				GCC_WARN_ABOUT_RETURN_TYPE = YES;
				GCC_WARN_UNINITIALIZED_AUTOS = YES;
				GCC_WARN_UNUSED_VARIABLE = YES;
				IPHONEOS_DEPLOYMENT_TARGET = 6.1;
				SDKROOT = iphoneos;
				VALIDATE_PRODUCT = YES;
			};
			name = Release;
		};
		EC99418716E0694300924C4F /* Debug */ = {
			isa = XCBuildConfiguration;
			buildSettings = {
				COPY_PHASE_STRIP = NO;
				DEAD_CODE_STRIPPING = NO;
				DSTROOT = /tmp/SDWebImages.dst;
				GCC_PRECOMPILE_PREFIX_HEADER = YES;
				GCC_PREFIX_HEADER = "SDWebImages/SDWebImages-Prefix.pch";
				IPHONEOS_DEPLOYMENT_TARGET = 4.3;
				OTHER_LDFLAGS = "-ObjC";
				PRODUCT_NAME = "$(TARGET_NAME)";
				PUBLIC_HEADERS_FOLDER_PATH = "$(PRODUCT_NAME)Headers";
				SKIP_INSTALL = YES;
				STRIP_STYLE = "non-global";
			};
			name = Debug;
		};
		EC99418816E0694300924C4F /* Release */ = {
			isa = XCBuildConfiguration;
			buildSettings = {
				COPY_PHASE_STRIP = NO;
				DEAD_CODE_STRIPPING = NO;
				DSTROOT = /tmp/SDWebImages.dst;
				GCC_PRECOMPILE_PREFIX_HEADER = YES;
				GCC_PREFIX_HEADER = "SDWebImages/SDWebImages-Prefix.pch";
				IPHONEOS_DEPLOYMENT_TARGET = 4.3;
				OTHER_LDFLAGS = "-ObjC";
				PRODUCT_NAME = "$(TARGET_NAME)";
				PUBLIC_HEADERS_FOLDER_PATH = "$(PRODUCT_NAME)Headers";
				SKIP_INSTALL = YES;
				STRIP_STYLE = "non-global";
			};
			name = Release;
		};
/* End XCBuildConfiguration section */

/* Begin XCConfigurationList section */
		EC99417316E0694200924C4F /* Build configuration list for PBXProject "SDWebImages" */ = {
			isa = XCConfigurationList;
			buildConfigurations = (
				EC99418416E0694300924C4F /* Debug */,
				EC99418516E0694300924C4F /* Release */,
			);
			defaultConfigurationIsVisible = 0;
			defaultConfigurationName = Release;
		};
		EC99418616E0694300924C4F /* Build configuration list for PBXNativeTarget "SDWebImages" */ = {
			isa = XCConfigurationList;
			buildConfigurations = (
				EC99418716E0694300924C4F /* Debug */,
				EC99418816E0694300924C4F /* Release */,
			);
			defaultConfigurationIsVisible = 0;
		};
/* End XCConfigurationList section */
	};
	rootObject = EC99417016E0694200924C4F /* Project object */;
}
